// !$*UTF8*$!
{
	archiveVersion = 1;
	classes = {
	};
	objectVersion = 46;
	objects = {

/* Begin PBXBuildFile section */
		B957AC981B301DC800FE7409 /* main.m in Sources */ = {isa = PBXBuildFile; fileRef = B957AC971B301DC800FE7409 /* main.m */; };
		B957AC9B1B301DC800FE7409 /* AppDelegate.m in Sources */ = {isa = PBXBuildFile; fileRef = B957AC9A1B301DC800FE7409 /* AppDelegate.m */; };
		B957AC9E1B301DC800FE7409 /* ViewController.m in Sources */ = {isa = PBXBuildFile; fileRef = B957AC9D1B301DC800FE7409 /* ViewController.m */; };
		B957ACA11B301DC800FE7409 /* Main.storyboard in Resources */ = {isa = PBXBuildFile; fileRef = B957AC9F1B301DC800FE7409 /* Main.storyboard */; };
		B957ACA31B301DC800FE7409 /* Images.xcassets in Resources */ = {isa = PBXBuildFile; fileRef = B957ACA21B301DC800FE7409 /* Images.xcassets */; };
		B957ACA61B301DC800FE7409 /* LaunchScreen.xib in Resources */ = {isa = PBXBuildFile; fileRef = B957ACA41B301DC800FE7409 /* LaunchScreen.xib */; };
		B957ACB21B301DC800FE7409 /* DemoTests.m in Sources */ = {isa = PBXBuildFile; fileRef = B957ACB11B301DC800FE7409 /* DemoTests.m */; };
/* End PBXBuildFile section */

/* Begin PBXContainerItemProxy section */
		B957ACAC1B301DC800FE7409 /* PBXContainerItemProxy */ = {
			isa = PBXContainerItemProxy;
			containerPortal = B957AC8A1B301DC800FE7409 /* Project object */;
			proxyType = 1;
			remoteGlobalIDString = B957AC911B301DC800FE7409;
			remoteInfo = Demo;
		};
/* End PBXContainerItemProxy section */

/* Begin PBXFileReference section */
		B957AC921B301DC800FE7409 /* Demo.app */ = {isa = PBXFileReference; explicitFileType = wrapper.application; includeInIndex = 0; path = Demo.app; sourceTree = BUILT_PRODUCTS_DIR; };
		B957AC961B301DC800FE7409 /* Info.plist */ = {isa = PBXFileReference; lastKnownFileType = text.plist.xml; path = Info.plist; sourceTree = "<group>"; };
		B957AC971B301DC800FE7409 /* main.m */ = {isa = PBXFileReference; lastKnownFileType = sourcecode.c.objc; path = main.m; sourceTree = "<group>"; };
		B957AC991B301DC800FE7409 /* AppDelegate.h */ = {isa = PBXFileReference; lastKnownFileType = sourcecode.c.h; path = AppDelegate.h; sourceTree = "<group>"; };
		B957AC9A1B301DC800FE7409 /* AppDelegate.m */ = {isa = PBXFileReference; lastKnownFileType = sourcecode.c.objc; path = AppDelegate.m; sourceTree = "<group>"; };
		B957AC9C1B301DC800FE7409 /* ViewController.h */ = {isa = PBXFileReference; lastKnownFileType = sourcecode.c.h; path = ViewController.h; sourceTree = "<group>"; };
		B957AC9D1B301DC800FE7409 /* ViewController.m */ = {isa = PBXFileReference; lastKnownFileType = sourcecode.c.objc; path = ViewController.m; sourceTree = "<group>"; };
		B957ACA01B301DC800FE7409 /* Base */ = {isa = PBXFileReference; lastKnownFileType = file.storyboard; name = Base; path = Base.lproj/Main.storyboard; sourceTree = "<group>"; };
		B957ACA21B301DC800FE7409 /* Images.xcassets */ = {isa = PBXFileReference; lastKnownFileType = folder.assetcatalog; path = Images.xcassets; sourceTree = "<group>"; };
		B957ACA51B301DC800FE7409 /* Base */ = {isa = PBXFileReference; lastKnownFileType = file.xib; name = Base; path = Base.lproj/LaunchScreen.xib; sourceTree = "<group>"; };
		B957ACAB1B301DC800FE7409 /* DemoTests.xctest */ = {isa = PBXFileReference; explicitFileType = wrapper.cfbundle; includeInIndex = 0; path = DemoTests.xctest; sourceTree = BUILT_PRODUCTS_DIR; };
		B957ACB01B301DC800FE7409 /* Info.plist */ = {isa = PBXFileReference; lastKnownFileType = text.plist.xml; path = Info.plist; sourceTree = "<group>"; };
		B957ACB11B301DC800FE7409 /* DemoTests.m */ = {isa = PBXFileReference; lastKnownFileType = sourcecode.c.objc; path = DemoTests.m; sourceTree = "<group>"; };
/* End PBXFileReference section */

/* Begin PBXFrameworksBuildPhase section */
		B957AC8F1B301DC800FE7409 /* Frameworks */ = {
			isa = PBXFrameworksBuildPhase;
			buildActionMask = 2147483647;
			files = (
			);
			runOnlyForDeploymentPostprocessing = 0;
		};
		B957ACA81B301DC800FE7409 /* Frameworks */ = {
			isa = PBXFrameworksBuildPhase;
			buildActionMask = 2147483647;
			files = (
			);
			runOnlyForDeploymentPostprocessing = 0;
		};
/* End PBXFrameworksBuildPhase section */

/* Begin PBXGroup section */
		B957AC891B301DC800FE7409 = {
			isa = PBXGroup;
			children = (
				B957AC941B301DC800FE7409 /* Demo */,
				B957ACAE1B301DC800FE7409 /* DemoTests */,
				B957AC931B301DC800FE7409 /* Products */,
			);
			sourceTree = "<group>";
		};
		B957AC931B301DC800FE7409 /* Products */ = {
			isa = PBXGroup;
			children = (
				B957AC921B301DC800FE7409 /* Demo.app */,
				B957ACAB1B301DC800FE7409 /* DemoTests.xctest */,
			);
			name = Products;
			sourceTree = "<group>";
		};
		B957AC941B301DC800FE7409 /* Demo */ = {
			isa = PBXGroup;
			children = (
				B957AC991B301DC800FE7409 /* AppDelegate.h */,
				B957AC9A1B301DC800FE7409 /* AppDelegate.m */,
				B957AC9C1B301DC800FE7409 /* ViewController.h */,
				B957AC9D1B301DC800FE7409 /* ViewController.m */,
				B957AC9F1B301DC800FE7409 /* Main.storyboard */,
				B957ACA21B301DC800FE7409 /* Images.xcassets */,
				B957ACA41B301DC800FE7409 /* LaunchScreen.xib */,
				B957AC951B301DC800FE7409 /* Supporting Files */,
			);
			path = Demo;
			sourceTree = "<group>";
		};
		B957AC951B301DC800FE7409 /* Supporting Files */ = {
			isa = PBXGroup;
			children = (
				B957AC961B301DC800FE7409 /* Info.plist */,
				B957AC971B301DC800FE7409 /* main.m */,
			);
			name = "Supporting Files";
			sourceTree = "<group>";
		};
		B957ACAE1B301DC800FE7409 /* DemoTests */ = {
			isa = PBXGroup;
			children = (
				B957ACB11B301DC800FE7409 /* DemoTests.m */,
				B957ACAF1B301DC800FE7409 /* Supporting Files */,
			);
			path = DemoTests;
			sourceTree = "<group>";
		};
		B957ACAF1B301DC800FE7409 /* Supporting Files */ = {
			isa = PBXGroup;
			children = (
				B957ACB01B301DC800FE7409 /* Info.plist */,
			);
			name = "Supporting Files";
			sourceTree = "<group>";
		};
/* End PBXGroup section */

/* Begin PBXNativeTarget section */
		B957AC911B301DC800FE7409 /* Demo */ = {
			isa = PBXNativeTarget;
			buildConfigurationList = B957ACB51B301DC800FE7409 /* Build configuration list for PBXNativeTarget "Demo" */;
			buildPhases = (
				B957AC8E1B301DC800FE7409 /* Sources */,
				B957AC8F1B301DC800FE7409 /* Frameworks */,
				B957AC901B301DC800FE7409 /* Resources */,
			);
			buildRules = (
			);
			dependencies = (
			);
			name = Demo;
			productName = Demo;
			productReference = B957AC921B301DC800FE7409 /* Demo.app */;
			productType = "com.apple.product-type.application";
		};
		B957ACAA1B301DC800FE7409 /* DemoTests */ = {
			isa = PBXNativeTarget;
			buildConfigurationList = B957ACB81B301DC800FE7409 /* Build configuration list for PBXNativeTarget "DemoTests" */;
			buildPhases = (
				B957ACA71B301DC800FE7409 /* Sources */,
				B957ACA81B301DC800FE7409 /* Frameworks */,
				B957ACA91B301DC800FE7409 /* Resources */,
			);
			buildRules = (
			);
			dependencies = (
				B957ACAD1B301DC800FE7409 /* PBXTargetDependency */,
			);
			name = DemoTests;
			productName = DemoTests;
			productReference = B957ACAB1B301DC800FE7409 /* DemoTests.xctest */;
			productType = "com.apple.product-type.bundle.unit-test";
		};
/* End PBXNativeTarget section */

/* Begin PBXProject section */
		B957AC8A1B301DC800FE7409 /* Project object */ = {
			isa = PBXProject;
			attributes = {
				LastUpgradeCheck = 0630;
				ORGANIZATIONNAME = Demo;
				TargetAttributes = {
					B957AC911B301DC800FE7409 = {
						CreatedOnToolsVersion = 6.3;
					};
					B957ACAA1B301DC800FE7409 = {
						CreatedOnToolsVersion = 6.3;
						TestTargetID = B957AC911B301DC800FE7409;
					};
				};
			};
			buildConfigurationList = B957AC8D1B301DC800FE7409 /* Build configuration list for PBXProject "Demo" */;
			compatibilityVersion = "Xcode 3.2";
			developmentRegion = English;
			hasScannedForEncodings = 0;
			knownRegions = (
				en,
				Base,
			);
			mainGroup = B957AC891B301DC800FE7409;
			productRefGroup = B957AC931B301DC800FE7409 /* Products */;
			projectDirPath = "";
			projectRoot = "";
			targets = (
				B957AC911B301DC800FE7409 /* Demo */,
				B957ACAA1B301DC800FE7409 /* DemoTests */,
			);
		};
/* End PBXProject section */

/* Begin PBXResourcesBuildPhase section */
		B957AC901B301DC800FE7409 /* Resources */ = {
			isa = PBXResourcesBuildPhase;
			buildActionMask = 2147483647;
			files = (
				B957ACA11B301DC800FE7409 /* Main.storyboard in Resources */,
				B957ACA61B301DC800FE7409 /* LaunchScreen.xib in Resources */,
				B957ACA31B301DC800FE7409 /* Images.xcassets in Resources */,
			);
			runOnlyForDeploymentPostprocessing = 0;
		};
		B957ACA91B301DC800FE7409 /* Resources */ = {
			isa = PBXResourcesBuildPhase;
			buildActionMask = 2147483647;
			files = (
			);
			runOnlyForDeploymentPostprocessing = 0;
		};
/* End PBXResourcesBuildPhase section */

/* Begin PBXSourcesBuildPhase section */
		B957AC8E1B301DC800FE7409 /* Sources */ = {
			isa = PBXSourcesBuildPhase;
			buildActionMask = 2147483647;
			files = (
				B957AC9E1B301DC800FE7409 /* ViewController.m in Sources */,
				B957AC9B1B301DC800FE7409 /* AppDelegate.m in Sources */,
				B957AC981B301DC800FE7409 /* main.m in Sources */,
			);
			runOnlyForDeploymentPostprocessing = 0;
		};
		B957ACA71B301DC800FE7409 /* Sources */ = {
			isa = PBXSourcesBuildPhase;
			buildActionMask = 2147483647;
			files = (
				B957ACB21B301DC800FE7409 /* DemoTests.m in Sources */,
			);
			runOnlyForDeploymentPostprocessing = 0;
		};
/* End PBXSourcesBuildPhase section */

/* Begin PBXTargetDependency section */
		B957ACAD1B301DC800FE7409 /* PBXTargetDependency */ = {
			isa = PBXTargetDependency;
			target = B957AC911B301DC800FE7409 /* Demo */;
			targetProxy = B957ACAC1B301DC800FE7409 /* PBXContainerItemProxy */;
		};
/* End PBXTargetDependency section */

/* Begin PBXVariantGroup section */
		B957AC9F1B301DC800FE7409 /* Main.storyboard */ = {
			isa = PBXVariantGroup;
			children = (
				B957ACA01B301DC800FE7409 /* Base */,
			);
			name = Main.storyboard;
			sourceTree = "<group>";
		};
		B957ACA41B301DC800FE7409 /* LaunchScreen.xib */ = {
			isa = PBXVariantGroup;
			children = (
				B957ACA51B301DC800FE7409 /* Base */,
			);
			name = LaunchScreen.xib;
			sourceTree = "<group>";
		};
/* End PBXVariantGroup section */

/* Begin XCBuildConfiguration section */
		B957ACB31B301DC800FE7409 /* Debug */ = {
			isa = XCBuildConfiguration;
			buildSettings = {
				ALWAYS_SEARCH_USER_PATHS = NO;
				CLANG_CXX_LANGUAGE_STANDARD = "gnu++0x";
				CLANG_CXX_LIBRARY = "libc++";
				CLANG_ENABLE_MODULES = YES;
				CLANG_ENABLE_OBJC_ARC = YES;
				CLANG_WARN_BOOL_CONVERSION = YES;
				CLANG_WARN_CONSTANT_CONVERSION = YES;
				CLANG_WARN_DIRECT_OBJC_ISA_USAGE = YES_ERROR;
				CLANG_WARN_EMPTY_BODY = YES;
				CLANG_WARN_ENUM_CONVERSION = YES;
				CLANG_WARN_INT_CONVERSION = YES;
				CLANG_WARN_OBJC_ROOT_CLASS = YES_ERROR;
				CLANG_WARN_UNREACHABLE_CODE = YES;
				CLANG_WARN__DUPLICATE_METHOD_MATCH = YES;
				"CODE_SIGN_IDENTITY[sdk=iphoneos*]" = "iPhone Developer";
				COPY_PHASE_STRIP = NO;
				DEBUG_INFORMATION_FORMAT = "dwarf-with-dsym";
				ENABLE_STRICT_OBJC_MSGSEND = YES;
				GCC_C_LANGUAGE_STANDARD = gnu99;
				GCC_DYNAMIC_NO_PIC = NO;
				GCC_NO_COMMON_BLOCKS = YES;
				GCC_OPTIMIZATION_LEVEL = 0;
				GCC_PREPROCESSOR_DEFINITIONS = (
					"DEBUG=1",
					"$(inherited)",
				);
				GCC_SYMBOLS_PRIVATE_EXTERN = NO;
				GCC_WARN_64_TO_32_BIT_CONVERSION = YES;
				GCC_WARN_ABOUT_RETURN_TYPE = YES_ERROR;
				GCC_WARN_UNDECLARED_SELECTOR = YES;
				GCC_WARN_UNINITIALIZED_AUTOS = YES_AGGRESSIVE;
				GCC_WARN_UNUSED_FUNCTION = YES;
				GCC_WARN_UNUSED_VARIABLE = YES;
				IPHONEOS_DEPLOYMENT_TARGET = 8.3;
				MTL_ENABLE_DEBUG_INFO = YES;
				ONLY_ACTIVE_ARCH = YES;
				SDKROOT = iphoneos;
			};
			name = Debug;
		};
		B957ACB41B301DC800FE7409 /* Release */ = {
			isa = XCBuildConfiguration;
			buildSettings = {
				ALWAYS_SEARCH_USER_PATHS = NO;
				CLANG_CXX_LANGUAGE_STANDARD = "gnu++0x";
				CLANG_CXX_LIBRARY = "libc++";
				CLANG_ENABLE_MODULES = YES;
				CLANG_ENABLE_OBJC_ARC = YES;
				CLANG_WARN_BOOL_CONVERSION = YES;
				CLANG_WARN_CONSTANT_CONVERSION = YES;
				CLANG_WARN_DIRECT_OBJC_ISA_USAGE = YES_ERROR;
				CLANG_WARN_EMPTY_BODY = YES;
				CLANG_WARN_ENUM_CONVERSION = YES;
				CLANG_WARN_INT_CONVERSION = YES;
				CLANG_WARN_OBJC_ROOT_CLASS = YES_ERROR;
				CLANG_WARN_UNREACHABLE_CODE = YES;
				CLANG_WARN__DUPLICATE_METHOD_MATCH = YES;
				"CODE_SIGN_IDENTITY[sdk=iphoneos*]" = "iPhone Developer";
				COPY_PHASE_STRIP = NO;
				DEBUG_INFORMATION_FORMAT = "dwarf-with-dsym";
				ENABLE_NS_ASSERTIONS = NO;
				ENABLE_STRICT_OBJC_MSGSEND = YES;
				GCC_C_LANGUAGE_STANDARD = gnu99;
				GCC_NO_COMMON_BLOCKS = YES;
				GCC_WARN_64_TO_32_BIT_CONVERSION = YES;
				GCC_WARN_ABOUT_RETURN_TYPE = YES_ERROR;
				GCC_WARN_UNDECLARED_SELECTOR = YES;
				GCC_WARN_UNINITIALIZED_AUTOS = YES_AGGRESSIVE;
				GCC_WARN_UNUSED_FUNCTION = YES;
				GCC_WARN_UNUSED_VARIABLE = YES;
				IPHONEOS_DEPLOYMENT_TARGET = 8.3;
				MTL_ENABLE_DEBUG_INFO = NO;
				SDKROOT = iphoneos;
				VALIDATE_PRODUCT = YES;
			};
			name = Release;
		};
		B957ACB61B301DC800FE7409 /* Debug */ = {
			isa = XCBuildConfiguration;
			buildSettings = {
				ASSETCATALOG_COMPILER_APPICON_NAME = AppIcon;
				INFOPLIST_FILE = Demo/Info.plist;
				LD_RUNPATH_SEARCH_PATHS = "$(inherited) @executable_path/Frameworks";
				PRODUCT_NAME = "$(TARGET_NAME)";
			};
			name = Debug;
		};
		B957ACB71B301DC800FE7409 /* Release */ = {
			isa = XCBuildConfiguration;
			buildSettings = {
				ASSETCATALOG_COMPILER_APPICON_NAME = AppIcon;
				INFOPLIST_FILE = Demo/Info.plist;
				LD_RUNPATH_SEARCH_PATHS = "$(inherited) @executable_path/Frameworks";
				PRODUCT_NAME = "$(TARGET_NAME)";
			};
			name = Release;
		};
		B957ACB91B301DC800FE7409 /* Debug */ = {
			isa = XCBuildConfiguration;
			buildSettings = {
				BUNDLE_LOADER = "$(TEST_HOST)";
				FRAMEWORK_SEARCH_PATHS = (
					"$(SDKROOT)/Developer/Library/Frameworks",
					"$(inherited)",
				);
				GCC_PREPROCESSOR_DEFINITIONS = (
					"DEBUG=1",
					"$(inherited)",
				);
				INFOPLIST_FILE = DemoTests/Info.plist;
				LD_RUNPATH_SEARCH_PATHS = "$(inherited) @executable_path/Frameworks @loader_path/Frameworks";
				PRODUCT_NAME = "$(TARGET_NAME)";
				TEST_HOST = "$(BUILT_PRODUCTS_DIR)/Demo.app/Demo";
			};
			name = Debug;
		};
		B957ACBA1B301DC800FE7409 /* Release */ = {
			isa = XCBuildConfiguration;
			buildSettings = {
				BUNDLE_LOADER = "$(TEST_HOST)";
				FRAMEWORK_SEARCH_PATHS = (
					"$(SDKROOT)/Developer/Library/Frameworks",
					"$(inherited)",
				);
				INFOPLIST_FILE = DemoTests/Info.plist;
				LD_RUNPATH_SEARCH_PATHS = "$(inherited) @executable_path/Frameworks @loader_path/Frameworks";
				PRODUCT_NAME = "$(TARGET_NAME)";
				TEST_HOST = "$(BUILT_PRODUCTS_DIR)/Demo.app/Demo";
			};
			name = Release;
		};
/* End XCBuildConfiguration section */

/* Begin XCConfigurationList section */
		B957AC8D1B301DC800FE7409 /* Build configuration list for PBXProject "Demo" */ = {
			isa = XCConfigurationList;
			buildConfigurations = (
				B957ACB31B301DC800FE7409 /* Debug */,
				B957ACB41B301DC800FE7409 /* Release */,
			);
			defaultConfigurationIsVisible = 0;
			defaultConfigurationName = Release;
		};
		B957ACB51B301DC800FE7409 /* Build configuration list for PBXNativeTarget "Demo" */ = {
			isa = XCConfigurationList;
			buildConfigurations = (
				B957ACB61B301DC800FE7409 /* Debug */,
				B957ACB71B301DC800FE7409 /* Release */,
			);
			defaultConfigurationIsVisible = 0;
		};
		B957ACB81B301DC800FE7409 /* Build configuration list for PBXNativeTarget "DemoTests" */ = {
			isa = XCConfigurationList;
			buildConfigurations = (
				B957ACB91B301DC800FE7409 /* Debug */,
				B957ACBA1B301DC800FE7409 /* Release */,
			);
			defaultConfigurationIsVisible = 0;
		};
/* End XCConfigurationList section */
	};
	rootObject = B957AC8A1B301DC800FE7409 /* Project object */;
}
